
Microsoft Visual Studio Solution File, Format Version 12.00
# Visual Studio Version 16
VisualStudioVersion = 16.0.30621.155
MinimumVisualStudioVersion = 10.0.40219.1
Project("{9A19103F-16F7-4668-BE54-9A1E7A4F7556}") = "07_B   poleCELL-piece-STRING", "07_B   poleCELL-piece-STRING.csproj", "{F7040B0C-8322-45FC-9D70-FA9F5156A7C7}"
EndProject
Global
	GlobalSection(SolutionConfigurationPlatforms) = preSolution
		Debug|Any CPU = Debug|Any CPU
		Release|Any CPU = Release|Any CPU
	EndGlobalSection
	GlobalSection(ProjectConfigurationPlatforms) = postSolution
		{F7040B0C-8322-45FC-9D70-FA9F5156A7C7}.Debug|Any CPU.ActiveCfg = Debug|Any CPU
		{F7040B0C-8322-45FC-9D70-FA9F5156A7C7}.Debug|Any CPU.Build.0 = Debug|Any CPU
		{F7040B0C-8322-45FC-9D70-FA9F5156A7C7}.Release|Any CPU.ActiveCfg = Release|Any CPU
		{F7040B0C-8322-45FC-9D70-FA9F5156A7C7}.Release|Any CPU.Build.0 = Release|Any CPU
	EndGlobalSection
	GlobalSection(SolutionProperties) = preSolution
		HideSolutionNode = FALSE
	EndGlobalSection
	GlobalSection(ExtensibilityGlobals) = postSolution
		SolutionGuid = {ED9957AE-1B16-4C26-9F1A-25DBAA0E8CB8}
	EndGlobalSection
EndGlobal
